
Microsoft Visual Studio Solution File, Format Version 12.00
# Visual Studio 15
VisualStudioVersion = 15.0.27130.2027
MinimumVisualStudioVersion = 10.0.40219.1
Project("{FAE04EC0-301F-11D3-BF4B-00C04F79EFBC}") = "Trivia", "Trivia\Trivia.csproj", "{D9CCD5BE-5B03-425C-A240-BEDF6D24E841}"
EndProject
Global
	GlobalSection(SolutionConfigurationPlatforms) = preSolution
		Debug|Any CPU = Debug|Any CPU
		Release|Any CPU = Release|Any CPU
	EndGlobalSection
	GlobalSection(ProjectConfigurationPlatforms) = postSolution
		{D9CCD5BE-5B03-425C-A240-BEDF6D24E841}.Debug|Any CPU.ActiveCfg = Debug|Any CPU
		{D9CCD5BE-5B03-425C-A240-BEDF6D24E841}.Debug|Any CPU.Build.0 = Debug|Any CPU
		{D9CCD5BE-5B03-425C-A240-BEDF6D24E841}.Release|Any CPU.ActiveCfg = Release|Any CPU
		{D9CCD5BE-5B03-425C-A240-BEDF6D24E841}.Release|Any CPU.Build.0 = Release|Any CPU
	EndGlobalSection
	GlobalSection(SolutionProperties) = preSolution
		HideSolutionNode = FALSE
	EndGlobalSection
	GlobalSection(ExtensibilityGlobals) = postSolution
		SolutionGuid = {3577ADDA-F81A-427F-B070-75DD5A8F3301}
	EndGlobalSection
EndGlobal
